# iconotype codepoint lock — append-only.
# Changing an existing line is a BREAKING change for every consumer of this font.

adminstrative_area	U+e900
author	U+e901
bike	U+e902
book	U+e903
canoe	U+e904
canyon	U+e905
cave	U+e906
cliff	U+e907
climbing	U+e908
collection	U+e909
compass	U+e90a
difficulty_rating	U+e90b
distance	U+e90c
down_arrow	U+e90d
duration	U+e90e
filter	U+e90f
finish	U+e910
glacier	U+e911
guidebook	U+e912
hike	U+e913
hut	U+e914
info	U+e915
itinerary	U+e916
lake	U+e917
left_arrow	U+e918
map	U+e919
map_pin	U+e91a
mountain_range	U+e91b
mountainering	U+e91c
paraglide	U+e91d
positive_elevation	U+e91e
price	U+e91f
protected_area	U+e920
publication	U+e921
publisher	U+e922
right_arrow	U+e923
river	U+e924
saddle	U+e925
search	U+e926
ski	U+e927
snowshoe	U+e928
sort	U+e929
star	U+e92a
start	U+e92b
start_elevation	U+e92c
summit	U+e92d
tick	U+e92e
up_arrow	U+e92f
via_ferrata	U+e930
waterfall	U+e931
weight	U+e932
orientation	U+e933
map_pin_selected	U+e934
pin_background_transparent	U+e935
altitude	U+f000
